#
# This file is autogenerated by pip-compile with Python 3.11
# by the following command:
#
#    pip-compile --allow-unsafe --generate-hashes --output-file=core/cf/deployment/slack_socket_app/requirements.lock core/cf/deployment/slack_socket_app/requirements.txt
#
boto3==1.43.19 \
    --hash=sha256:8b84704719dd3960ac12a8f37d9ff5adb853715baa9742f84fdbe2de0305c4cb \
    --hash=sha256:ec6825193b75fbb6bfbf12181e4960d00ad2f404343586765394ce620e63783c
    # via -r core/cf/deployment/slack_socket_app/requirements.txt
botocore==1.43.19 \
    --hash=sha256:18ac2fdd76c89b940707eb10493ff58678adad337d03215caec2d408ccd43cc0 \
    --hash=sha256:99dbdccbf748974750601e805cecc9362a85d11fee89d6d58cd3f4ff302e6ff9
    # via
    #   boto3
    #   s3transfer
jmespath==1.1.0 \
    --hash=sha256:472c87d80f36026ae83c6ddd0f1d05d4e510134ed462851fd5f754c8c3cbb88d \
    --hash=sha256:a5663118de4908c91729bea0acadca56526eb2698e83de10cd116ae0f4e97c64
    # via
    #   boto3
    #   botocore
python-dateutil==2.9.0.post0 \
    --hash=sha256:37dd54208da7e1cd875388217d5e00ebd4179249f90fb72437e91a35459a0ad3 \
    --hash=sha256:a8b2bc7bffae282281c8140a97d3aa9c14da0b136dfe83f850eea9a5f7470427
    # via botocore
s3transfer==0.18.0 \
    --hash=sha256:239c13b09e65ad0346e1be7348b8a202dcad44ac7ea7c6eb858fc881dce739b6 \
    --hash=sha256:3760b8b7ec1315da54048b2d626276732bee4300d054d492d4e1d43e20d4ecbd
    # via boto3
six==1.17.0 \
    --hash=sha256:4721f391ed90541fddacab5acf947aa0d3dc7d27b2e1e8eda2be8970586c3274 \
    --hash=sha256:ff70335d468e7eb6ec65b95b99d3a2836546063f63acc5171de367e834932a81
    # via python-dateutil
slack-bolt==1.28.0 \
    --hash=sha256:738d1ca5e7c7039b6e18103d29267ced6e18c2517053eff18991fdd593acce5c \
    --hash=sha256:bfe367d867e8fb157a057248ebd4ac2d7f43acac6d0700fa31381db1e10f3b0f
    # via -r core/cf/deployment/slack_socket_app/requirements.txt
slack-sdk==3.42.0 \
    --hash=sha256:873db9e1f632ac650ffdbf9d8ba825f3e9e7e576a1e4f9604ccb2a15b3727e3d \
    --hash=sha256:eb39aff97e476e10cc5a8ac29bd2e79a9959e880d9fe0c03b4e8f05b2ac996ff
    # via slack-bolt
urllib3==2.7.0 \
    --hash=sha256:231e0ec3b63ceb14667c67be60f2f2c40a518cb38b03af60abc813da26505f4c \
    --hash=sha256:9fb4c81ebbb1ce9531cce37674bbc6f1360472bc18ca9a553ede278ef7276897
    # via botocore
