# This file was autogenerated by uv via the following command:
#    uv pip compile core/cf/deployment/slack_socket_app/requirements.txt --generate-hashes --universal --output-file core/cf/deployment/slack_socket_app/requirements.lock
boto3==1.34.80 \
    --hash=sha256:5627f6ecadb46fc7c9f8c368baf948f1b00a3fd2f8eb1275c254469853ad8fdb \
    --hash=sha256:bb8f433c04dcdffbd4a802df56c1c30f2be23b1161fd8fb45e4b76c1487ec122
    # via -r core/cf/deployment/slack_socket_app/requirements.txt
botocore==1.34.162 \
    --hash=sha256:2d918b02db88d27a75b48275e6fb2506e9adaaddbec1ffa6a8a0898b34e769be \
    --hash=sha256:adc23be4fb99ad31961236342b7cbf3c0bfc62532cd02852196032e8c0d682f3
    # via
    #   boto3
    #   s3transfer
jmespath==1.1.0 \
    --hash=sha256:472c87d80f36026ae83c6ddd0f1d05d4e510134ed462851fd5f754c8c3cbb88d \
    --hash=sha256:a5663118de4908c91729bea0acadca56526eb2698e83de10cd116ae0f4e97c64
    # via
    #   boto3
    #   botocore
python-dateutil==2.9.0.post0 \
    --hash=sha256:37dd54208da7e1cd875388217d5e00ebd4179249f90fb72437e91a35459a0ad3 \
    --hash=sha256:a8b2bc7bffae282281c8140a97d3aa9c14da0b136dfe83f850eea9a5f7470427
    # via botocore
s3transfer==0.10.4 \
    --hash=sha256:244a76a24355363a68164241438de1b72f8781664920260c48465896b712a41e \
    --hash=sha256:29edc09801743c21eb5ecbc617a152df41d3c287f67b615f73e5f750583666a7
    # via boto3
six==1.17.0 \
    --hash=sha256:4721f391ed90541fddacab5acf947aa0d3dc7d27b2e1e8eda2be8970586c3274 \
    --hash=sha256:ff70335d468e7eb6ec65b95b99d3a2836546063f63acc5171de367e834932a81
    # via python-dateutil
slack-bolt==1.23.0 \
    --hash=sha256:3d2c3eb13131407a94f925eb22b180d352c2d97b808303ef92b7a46d6508c843 \
    --hash=sha256:6d6ae39d80c964c362505ae4e587eed2b26dbc3a9f0cb76af1150c30fb670488
    # via -r core/cf/deployment/slack_socket_app/requirements.txt
slack-sdk==3.42.0 \
    --hash=sha256:873db9e1f632ac650ffdbf9d8ba825f3e9e7e576a1e4f9604ccb2a15b3727e3d \
    --hash=sha256:eb39aff97e476e10cc5a8ac29bd2e79a9959e880d9fe0c03b4e8f05b2ac996ff
    # via slack-bolt
urllib3==2.7.0 \
    --hash=sha256:231e0ec3b63ceb14667c67be60f2f2c40a518cb38b03af60abc813da26505f4c \
    --hash=sha256:9fb4c81ebbb1ce9531cce37674bbc6f1360472bc18ca9a553ede278ef7276897
    # via botocore
