#
# This file is autogenerated by pip-compile with Python 3.14
# by the following command:
#
#    pip-compile --allow-unsafe --generate-hashes --output-file=requirements.lock requirements.txt
#
boto3==1.43.61 \
    --hash=sha256:67f1544ef97caddd6d0ebd613010981e3990ac843bc010cc202a88b489b182a0 \
    --hash=sha256:a818a2ed37ff555c8c710f9c308a5407ef325c43f4162d7f5ce961e20440ca18
    # via -r requirements.txt
botocore==1.43.74 \
    --hash=sha256:5793d9170b2b9f3194fb6f667feed8986eb81f767528d52ceaf45df2242d56e9 \
    --hash=sha256:b127b24d49532b5d7b0851b4abb3d3b99f58a121f87f07c23dac7c4d88b25c72
    # via
    #   boto3
    #   s3transfer
jmespath==1.1.0 \
    --hash=sha256:472c87d80f36026ae83c6ddd0f1d05d4e510134ed462851fd5f754c8c3cbb88d \
    --hash=sha256:a5663118de4908c91729bea0acadca56526eb2698e83de10cd116ae0f4e97c64
    # via
    #   boto3
    #   botocore
python-dateutil==2.9.0.post0 \
    --hash=sha256:37dd54208da7e1cd875388217d5e00ebd4179249f90fb72437e91a35459a0ad3 \
    --hash=sha256:a8b2bc7bffae282281c8140a97d3aa9c14da0b136dfe83f850eea9a5f7470427
    # via botocore
s3transfer==0.19.1 \
    --hash=sha256:d3d6371dc3f1e5c5427b2b457bcf13bcf87bec334c95aed18642eae61f6926f3 \
    --hash=sha256:d5fd7005ee39307455ad5f310b5ea67f4b1960d7fed5b3671ee50c249de675de
    # via boto3
six==1.17.0 \
    --hash=sha256:4721f391ed90541fddacab5acf947aa0d3dc7d27b2e1e8eda2be8970586c3274 \
    --hash=sha256:ff70335d468e7eb6ec65b95b99d3a2836546063f63acc5171de367e834932a81
    # via python-dateutil
slack-bolt==1.30.0 \
    --hash=sha256:81f5bc46e79516d23d5e2a31dded6304dd1b8b6b72c0083f2f31d5d801e262c4 \
    --hash=sha256:af38258d41f801ad9c74503090e0f39accd66c49f667f7e55c97fcdb0e51b886
    # via -r requirements.txt
slack-sdk==3.42.0 \
    --hash=sha256:873db9e1f632ac650ffdbf9d8ba825f3e9e7e576a1e4f9604ccb2a15b3727e3d \
    --hash=sha256:eb39aff97e476e10cc5a8ac29bd2e79a9959e880d9fe0c03b4e8f05b2ac996ff
    # via slack-bolt
urllib3==2.7.0 \
    --hash=sha256:231e0ec3b63ceb14667c67be60f2f2c40a518cb38b03af60abc813da26505f4c \
    --hash=sha256:9fb4c81ebbb1ce9531cce37674bbc6f1360472bc18ca9a553ede278ef7276897
    # via botocore
